
Microsoft Visual Studio Solution File, Format Version 12.00
# Visual Studio Version 17
VisualStudioVersion = 17.9.34616.47
MinimumVisualStudioVersion = 10.0.40219.1
Project("{F184B08F-C81C-45F6-A57F-5ABD9991F28F}") = "x8086NetEmu", "x8086NetEmu\x8086NetEmu.vbproj", "{2D0B2D2C-0261-4FF8-AA8C-5E7E7C134840}"
EndProject
Project("{F184B08F-C81C-45F6-A57F-5ABD9991F28F}") = "x8086NetEmuConsole", "x8086NetEmuConsole\x8086NetEmuConsole.vbproj", "{27276D22-D0B7-4995-B687-924CF829E595}"
EndProject
Project("{F184B08F-C81C-45F6-A57F-5ABD9991F28F}") = "x8086NetEmuWinForms", "x8086NetEmuWinForms\x8086NetEmuWinForms.vbproj", "{00A6EBE1-1A2D-4B94-BA2F-0AA82F45F7DD}"
EndProject
Project("{2150E333-8FDC-42A3-9474-1A3956D46DE8}") = "Solution Items", "Solution Items", "{53E71534-D4F4-4339-B67E-D650B1962279}"
	ProjectSection(SolutionItems) = preProject
		AddAssemblyInfo.ps1 = AddAssemblyInfo.ps1
		IgnoreAssemblyInfo.ps1 = IgnoreAssemblyInfo.ps1
		README.md = README.md
	EndProjectSection
EndProject
Project("{F184B08F-C81C-45F6-A57F-5ABD9991F28F}") = "RunTests", "RunTests\RunTests.vbproj", "{6A4C074D-6B16-410A-963C-A42F1E01D5DB}"
EndProject
Project("{F184B08F-C81C-45F6-A57F-5ABD9991F28F}") = "GenOpCodes", "GenOpCodes\GenOpCodes.vbproj", "{A515C87D-A1D1-4C0B-B726-3D2C78588585}"
EndProject
Project("{FAE04EC0-301F-11D3-BF4B-00C04F79EFBC}") = "RunTests2", "RunTests2\RunTests2.csproj", "{4FFD8045-6272-46A4-B521-073393A09FD1}"
EndProject
Global
	GlobalSection(SolutionConfigurationPlatforms) = preSolution
		Debug (Non Win)|Any CPU = Debug (Non Win)|Any CPU
		Debug (Non Win)|x64 = Debug (Non Win)|x64
		Debug (Non Win)|x86 = Debug (Non Win)|x86
		Debug|Any CPU = Debug|Any CPU
		Debug|x64 = Debug|x64
		Debug|x86 = Debug|x86
		Release (Non Win)|Any CPU = Release (Non Win)|Any CPU
		Release (Non Win)|x64 = Release (Non Win)|x64
		Release (Non Win)|x86 = Release (Non Win)|x86
		Release|Any CPU = Release|Any CPU
		Release|x64 = Release|x64
		Release|x86 = Release|x86
	EndGlobalSection
	GlobalSection(ProjectConfigurationPlatforms) = postSolution
		{2D0B2D2C-0261-4FF8-AA8C-5E7E7C134840}.Debug (Non Win)|Any CPU.ActiveCfg = Debug (Non Win)|Any CPU
		{2D0B2D2C-0261-4FF8-AA8C-5E7E7C134840}.Debug (Non Win)|Any CPU.Build.0 = Debug (Non Win)|Any CPU
		{2D0B2D2C-0261-4FF8-AA8C-5E7E7C134840}.Debug (Non Win)|x64.ActiveCfg = Debug (Non Win)|x64
		{2D0B2D2C-0261-4FF8-AA8C-5E7E7C134840}.Debug (Non Win)|x64.Build.0 = Debug (Non Win)|x64
		{2D0B2D2C-0261-4FF8-AA8C-5E7E7C134840}.Debug (Non Win)|x86.ActiveCfg = Debug (Non Win)|x86
		{2D0B2D2C-0261-4FF8-AA8C-5E7E7C134840}.Debug (Non Win)|x86.Build.0 = Debug (Non Win)|x86
		{2D0B2D2C-0261-4FF8-AA8C-5E7E7C134840}.Debug|Any CPU.ActiveCfg = Debug|Any CPU
		{2D0B2D2C-0261-4FF8-AA8C-5E7E7C134840}.Debug|Any CPU.Build.0 = Debug|Any CPU
		{2D0B2D2C-0261-4FF8-AA8C-5E7E7C134840}.Debug|x64.ActiveCfg = Debug|x64
		{2D0B2D2C-0261-4FF8-AA8C-5E7E7C134840}.Debug|x64.Build.0 = Debug|x64
		{2D0B2D2C-0261-4FF8-AA8C-5E7E7C134840}.Debug|x86.ActiveCfg = Debug|x86
		{2D0B2D2C-0261-4FF8-AA8C-5E7E7C134840}.Debug|x86.Build.0 = Debug|x86
		{2D0B2D2C-0261-4FF8-AA8C-5E7E7C134840}.Release (Non Win)|Any CPU.ActiveCfg = Release (Non Win)|Any CPU
		{2D0B2D2C-0261-4FF8-AA8C-5E7E7C134840}.Release (Non Win)|Any CPU.Build.0 = Release (Non Win)|Any CPU
		{2D0B2D2C-0261-4FF8-AA8C-5E7E7C134840}.Release (Non Win)|x64.ActiveCfg = Release (Non Win)|x64
		{2D0B2D2C-0261-4FF8-AA8C-5E7E7C134840}.Release (Non Win)|x64.Build.0 = Release (Non Win)|x64
		{2D0B2D2C-0261-4FF8-AA8C-5E7E7C134840}.Release (Non Win)|x86.ActiveCfg = Release (Non Win)|x86
		{2D0B2D2C-0261-4FF8-AA8C-5E7E7C134840}.Release (Non Win)|x86.Build.0 = Release (Non Win)|x86
		{2D0B2D2C-0261-4FF8-AA8C-5E7E7C134840}.Release|Any CPU.ActiveCfg = Release|Any CPU
		{2D0B2D2C-0261-4FF8-AA8C-5E7E7C134840}.Release|Any CPU.Build.0 = Release|Any CPU
		{2D0B2D2C-0261-4FF8-AA8C-5E7E7C134840}.Release|x64.ActiveCfg = Release|x64
		{2D0B2D2C-0261-4FF8-AA8C-5E7E7C134840}.Release|x64.Build.0 = Release|x64
		{2D0B2D2C-0261-4FF8-AA8C-5E7E7C134840}.Release|x86.ActiveCfg = Release|x86
		{2D0B2D2C-0261-4FF8-AA8C-5E7E7C134840}.Release|x86.Build.0 = Release|x86
		{27276D22-D0B7-4995-B687-924CF829E595}.Debug (Non Win)|Any CPU.ActiveCfg = Debug (Non Win)|Any CPU
		{27276D22-D0B7-4995-B687-924CF829E595}.Debug (Non Win)|Any CPU.Build.0 = Debug (Non Win)|Any CPU
		{27276D22-D0B7-4995-B687-924CF829E595}.Debug (Non Win)|x64.ActiveCfg = Debug (Non Win)|x64
		{27276D22-D0B7-4995-B687-924CF829E595}.Debug (Non Win)|x64.Build.0 = Debug (Non Win)|x64
		{27276D22-D0B7-4995-B687-924CF829E595}.Debug (Non Win)|x86.ActiveCfg = Debug (Non Win)|x86
		{27276D22-D0B7-4995-B687-924CF829E595}.Debug (Non Win)|x86.Build.0 = Debug (Non Win)|x86
		{27276D22-D0B7-4995-B687-924CF829E595}.Debug|Any CPU.ActiveCfg = Debug|Any CPU
		{27276D22-D0B7-4995-B687-924CF829E595}.Debug|Any CPU.Build.0 = Debug|Any CPU
		{27276D22-D0B7-4995-B687-924CF829E595}.Debug|x64.ActiveCfg = Debug|x64
		{27276D22-D0B7-4995-B687-924CF829E595}.Debug|x64.Build.0 = Debug|x64
		{27276D22-D0B7-4995-B687-924CF829E595}.Debug|x86.ActiveCfg = Debug|x86
		{27276D22-D0B7-4995-B687-924CF829E595}.Debug|x86.Build.0 = Debug|x86
		{27276D22-D0B7-4995-B687-924CF829E595}.Release (Non Win)|Any CPU.ActiveCfg = Release (Non Win)|Any CPU
		{27276D22-D0B7-4995-B687-924CF829E595}.Release (Non Win)|Any CPU.Build.0 = Release (Non Win)|Any CPU
		{27276D22-D0B7-4995-B687-924CF829E595}.Release (Non Win)|x64.ActiveCfg = Release (Non Win)|x64
		{27276D22-D0B7-4995-B687-924CF829E595}.Release (Non Win)|x64.Build.0 = Release (Non Win)|x64
		{27276D22-D0B7-4995-B687-924CF829E595}.Release (Non Win)|x86.ActiveCfg = Release (Non Win)|x86
		{27276D22-D0B7-4995-B687-924CF829E595}.Release (Non Win)|x86.Build.0 = Release (Non Win)|x86
		{27276D22-D0B7-4995-B687-924CF829E595}.Release|Any CPU.ActiveCfg = Release|Any CPU
		{27276D22-D0B7-4995-B687-924CF829E595}.Release|Any CPU.Build.0 = Release|Any CPU
		{27276D22-D0B7-4995-B687-924CF829E595}.Release|x64.ActiveCfg = Release|x64
		{27276D22-D0B7-4995-B687-924CF829E595}.Release|x64.Build.0 = Release|x64
		{27276D22-D0B7-4995-B687-924CF829E595}.Release|x86.ActiveCfg = Release|x86
		{27276D22-D0B7-4995-B687-924CF829E595}.Release|x86.Build.0 = Release|x86
		{00A6EBE1-1A2D-4B94-BA2F-0AA82F45F7DD}.Debug (Non Win)|Any CPU.ActiveCfg = Debug (Non Win)|Any CPU
		{00A6EBE1-1A2D-4B94-BA2F-0AA82F45F7DD}.Debug (Non Win)|Any CPU.Build.0 = Debug (Non Win)|Any CPU
		{00A6EBE1-1A2D-4B94-BA2F-0AA82F45F7DD}.Debug (Non Win)|x64.ActiveCfg = Debug (Non Win)|x64
		{00A6EBE1-1A2D-4B94-BA2F-0AA82F45F7DD}.Debug (Non Win)|x64.Build.0 = Debug (Non Win)|x64
		{00A6EBE1-1A2D-4B94-BA2F-0AA82F45F7DD}.Debug (Non Win)|x86.ActiveCfg = Debug (Non Win)|x86
		{00A6EBE1-1A2D-4B94-BA2F-0AA82F45F7DD}.Debug (Non Win)|x86.Build.0 = Debug (Non Win)|x86
		{00A6EBE1-1A2D-4B94-BA2F-0AA82F45F7DD}.Debug|Any CPU.ActiveCfg = Debug|Any CPU
		{00A6EBE1-1A2D-4B94-BA2F-0AA82F45F7DD}.Debug|Any CPU.Build.0 = Debug|Any CPU
		{00A6EBE1-1A2D-4B94-BA2F-0AA82F45F7DD}.Debug|x64.ActiveCfg = Debug|x64
		{00A6EBE1-1A2D-4B94-BA2F-0AA82F45F7DD}.Debug|x64.Build.0 = Debug|x64
		{00A6EBE1-1A2D-4B94-BA2F-0AA82F45F7DD}.Debug|x86.ActiveCfg = Debug|x86
		{00A6EBE1-1A2D-4B94-BA2F-0AA82F45F7DD}.Debug|x86.Build.0 = Debug|x86
		{00A6EBE1-1A2D-4B94-BA2F-0AA82F45F7DD}.Release (Non Win)|Any CPU.ActiveCfg = Release (Non Win)|Any CPU
		{00A6EBE1-1A2D-4B94-BA2F-0AA82F45F7DD}.Release (Non Win)|Any CPU.Build.0 = Release (Non Win)|Any CPU
		{00A6EBE1-1A2D-4B94-BA2F-0AA82F45F7DD}.Release (Non Win)|x64.ActiveCfg = Release (Non Win)|x64
		{00A6EBE1-1A2D-4B94-BA2F-0AA82F45F7DD}.Release (Non Win)|x64.Build.0 = Release (Non Win)|x64
		{00A6EBE1-1A2D-4B94-BA2F-0AA82F45F7DD}.Release (Non Win)|x86.ActiveCfg = Release (Non Win)|x86
		{00A6EBE1-1A2D-4B94-BA2F-0AA82F45F7DD}.Release (Non Win)|x86.Build.0 = Release (Non Win)|x86
		{00A6EBE1-1A2D-4B94-BA2F-0AA82F45F7DD}.Release|Any CPU.ActiveCfg = Release|Any CPU
		{00A6EBE1-1A2D-4B94-BA2F-0AA82F45F7DD}.Release|Any CPU.Build.0 = Release|Any CPU
		{00A6EBE1-1A2D-4B94-BA2F-0AA82F45F7DD}.Release|x64.ActiveCfg = Release|x64
		{00A6EBE1-1A2D-4B94-BA2F-0AA82F45F7DD}.Release|x64.Build.0 = Release|x64
		{00A6EBE1-1A2D-4B94-BA2F-0AA82F45F7DD}.Release|x86.ActiveCfg = Release|x86
		{00A6EBE1-1A2D-4B94-BA2F-0AA82F45F7DD}.Release|x86.Build.0 = Release|x86
		{6A4C074D-6B16-410A-963C-A42F1E01D5DB}.Debug (Non Win)|Any CPU.ActiveCfg = Debug|Any CPU
		{6A4C074D-6B16-410A-963C-A42F1E01D5DB}.Debug (Non Win)|Any CPU.Build.0 = Debug|Any CPU
		{6A4C074D-6B16-410A-963C-A42F1E01D5DB}.Debug (Non Win)|x64.ActiveCfg = Debug|x64
		{6A4C074D-6B16-410A-963C-A42F1E01D5DB}.Debug (Non Win)|x64.Build.0 = Debug|x64
		{6A4C074D-6B16-410A-963C-A42F1E01D5DB}.Debug (Non Win)|x86.ActiveCfg = Debug|x86
		{6A4C074D-6B16-410A-963C-A42F1E01D5DB}.Debug (Non Win)|x86.Build.0 = Debug|x86
		{6A4C074D-6B16-410A-963C-A42F1E01D5DB}.Debug|Any CPU.ActiveCfg = Debug|Any CPU
		{6A4C074D-6B16-410A-963C-A42F1E01D5DB}.Debug|Any CPU.Build.0 = Debug|Any CPU
		{6A4C074D-6B16-410A-963C-A42F1E01D5DB}.Debug|x64.ActiveCfg = Debug|x64
		{6A4C074D-6B16-410A-963C-A42F1E01D5DB}.Debug|x64.Build.0 = Debug|x64
		{6A4C074D-6B16-410A-963C-A42F1E01D5DB}.Debug|x86.ActiveCfg = Debug|x86
		{6A4C074D-6B16-410A-963C-A42F1E01D5DB}.Debug|x86.Build.0 = Debug|x86
		{6A4C074D-6B16-410A-963C-A42F1E01D5DB}.Release (Non Win)|Any CPU.ActiveCfg = Release|Any CPU
		{6A4C074D-6B16-410A-963C-A42F1E01D5DB}.Release (Non Win)|Any CPU.Build.0 = Release|Any CPU
		{6A4C074D-6B16-410A-963C-A42F1E01D5DB}.Release (Non Win)|x64.ActiveCfg = Release|x64
		{6A4C074D-6B16-410A-963C-A42F1E01D5DB}.Release (Non Win)|x64.Build.0 = Release|x64
		{6A4C074D-6B16-410A-963C-A42F1E01D5DB}.Release (Non Win)|x86.ActiveCfg = Release|x86
		{6A4C074D-6B16-410A-963C-A42F1E01D5DB}.Release (Non Win)|x86.Build.0 = Release|x86
		{6A4C074D-6B16-410A-963C-A42F1E01D5DB}.Release|Any CPU.ActiveCfg = Release|Any CPU
		{6A4C074D-6B16-410A-963C-A42F1E01D5DB}.Release|Any CPU.Build.0 = Release|Any CPU
		{6A4C074D-6B16-410A-963C-A42F1E01D5DB}.Release|x64.ActiveCfg = Release|x64
		{6A4C074D-6B16-410A-963C-A42F1E01D5DB}.Release|x64.Build.0 = Release|x64
		{6A4C074D-6B16-410A-963C-A42F1E01D5DB}.Release|x86.ActiveCfg = Release|x86
		{6A4C074D-6B16-410A-963C-A42F1E01D5DB}.Release|x86.Build.0 = Release|x86
		{A515C87D-A1D1-4C0B-B726-3D2C78588585}.Debug (Non Win)|Any CPU.ActiveCfg = Debug|Any CPU
		{A515C87D-A1D1-4C0B-B726-3D2C78588585}.Debug (Non Win)|Any CPU.Build.0 = Debug|Any CPU
		{A515C87D-A1D1-4C0B-B726-3D2C78588585}.Debug (Non Win)|x64.ActiveCfg = Debug|x64
		{A515C87D-A1D1-4C0B-B726-3D2C78588585}.Debug (Non Win)|x64.Build.0 = Debug|x64
		{A515C87D-A1D1-4C0B-B726-3D2C78588585}.Debug (Non Win)|x86.ActiveCfg = Debug|x86
		{A515C87D-A1D1-4C0B-B726-3D2C78588585}.Debug (Non Win)|x86.Build.0 = Debug|x86
		{A515C87D-A1D1-4C0B-B726-3D2C78588585}.Debug|Any CPU.ActiveCfg = Debug|Any CPU
		{A515C87D-A1D1-4C0B-B726-3D2C78588585}.Debug|Any CPU.Build.0 = Debug|Any CPU
		{A515C87D-A1D1-4C0B-B726-3D2C78588585}.Debug|x64.ActiveCfg = Debug|x64
		{A515C87D-A1D1-4C0B-B726-3D2C78588585}.Debug|x64.Build.0 = Debug|x64
		{A515C87D-A1D1-4C0B-B726-3D2C78588585}.Debug|x86.ActiveCfg = Debug|x86
		{A515C87D-A1D1-4C0B-B726-3D2C78588585}.Debug|x86.Build.0 = Debug|x86
		{A515C87D-A1D1-4C0B-B726-3D2C78588585}.Release (Non Win)|Any CPU.ActiveCfg = Release|Any CPU
		{A515C87D-A1D1-4C0B-B726-3D2C78588585}.Release (Non Win)|Any CPU.Build.0 = Release|Any CPU
		{A515C87D-A1D1-4C0B-B726-3D2C78588585}.Release (Non Win)|x64.ActiveCfg = Release|x64
		{A515C87D-A1D1-4C0B-B726-3D2C78588585}.Release (Non Win)|x64.Build.0 = Release|x64
		{A515C87D-A1D1-4C0B-B726-3D2C78588585}.Release (Non Win)|x86.ActiveCfg = Release|x86
		{A515C87D-A1D1-4C0B-B726-3D2C78588585}.Release (Non Win)|x86.Build.0 = Release|x86
		{A515C87D-A1D1-4C0B-B726-3D2C78588585}.Release|Any CPU.ActiveCfg = Release|Any CPU
		{A515C87D-A1D1-4C0B-B726-3D2C78588585}.Release|Any CPU.Build.0 = Release|Any CPU
		{A515C87D-A1D1-4C0B-B726-3D2C78588585}.Release|x64.ActiveCfg = Release|x64
		{A515C87D-A1D1-4C0B-B726-3D2C78588585}.Release|x64.Build.0 = Release|x64
		{A515C87D-A1D1-4C0B-B726-3D2C78588585}.Release|x86.ActiveCfg = Release|x86
		{A515C87D-A1D1-4C0B-B726-3D2C78588585}.Release|x86.Build.0 = Release|x86
		{4FFD8045-6272-46A4-B521-073393A09FD1}.Debug (Non Win)|Any CPU.ActiveCfg = Debug|Any CPU
		{4FFD8045-6272-46A4-B521-073393A09FD1}.Debug (Non Win)|Any CPU.Build.0 = Debug|Any CPU
		{4FFD8045-6272-46A4-B521-073393A09FD1}.Debug (Non Win)|x64.ActiveCfg = Debug|Any CPU
		{4FFD8045-6272-46A4-B521-073393A09FD1}.Debug (Non Win)|x64.Build.0 = Debug|Any CPU
		{4FFD8045-6272-46A4-B521-073393A09FD1}.Debug (Non Win)|x86.ActiveCfg = Debug|Any CPU
		{4FFD8045-6272-46A4-B521-073393A09FD1}.Debug (Non Win)|x86.Build.0 = Debug|Any CPU
		{4FFD8045-6272-46A4-B521-073393A09FD1}.Debug|Any CPU.ActiveCfg = Debug|Any CPU
		{4FFD8045-6272-46A4-B521-073393A09FD1}.Debug|Any CPU.Build.0 = Debug|Any CPU
		{4FFD8045-6272-46A4-B521-073393A09FD1}.Debug|x64.ActiveCfg = Debug|Any CPU
		{4FFD8045-6272-46A4-B521-073393A09FD1}.Debug|x64.Build.0 = Debug|Any CPU
		{4FFD8045-6272-46A4-B521-073393A09FD1}.Debug|x86.ActiveCfg = Debug|Any CPU
		{4FFD8045-6272-46A4-B521-073393A09FD1}.Debug|x86.Build.0 = Debug|Any CPU
		{4FFD8045-6272-46A4-B521-073393A09FD1}.Release (Non Win)|Any CPU.ActiveCfg = Release|Any CPU
		{4FFD8045-6272-46A4-B521-073393A09FD1}.Release (Non Win)|Any CPU.Build.0 = Release|Any CPU
		{4FFD8045-6272-46A4-B521-073393A09FD1}.Release (Non Win)|x64.ActiveCfg = Release|Any CPU
		{4FFD8045-6272-46A4-B521-073393A09FD1}.Release (Non Win)|x64.Build.0 = Release|Any CPU
		{4FFD8045-6272-46A4-B521-073393A09FD1}.Release (Non Win)|x86.ActiveCfg = Release|Any CPU
		{4FFD8045-6272-46A4-B521-073393A09FD1}.Release (Non Win)|x86.Build.0 = Release|Any CPU
		{4FFD8045-6272-46A4-B521-073393A09FD1}.Release|Any CPU.ActiveCfg = Release|Any CPU
		{4FFD8045-6272-46A4-B521-073393A09FD1}.Release|Any CPU.Build.0 = Release|Any CPU
		{4FFD8045-6272-46A4-B521-073393A09FD1}.Release|x64.ActiveCfg = Release|Any CPU
		{4FFD8045-6272-46A4-B521-073393A09FD1}.Release|x64.Build.0 = Release|Any CPU
		{4FFD8045-6272-46A4-B521-073393A09FD1}.Release|x86.ActiveCfg = Release|Any CPU
		{4FFD8045-6272-46A4-B521-073393A09FD1}.Release|x86.Build.0 = Release|Any CPU
	EndGlobalSection
	GlobalSection(SolutionProperties) = preSolution
		HideSolutionNode = FALSE
	EndGlobalSection
	GlobalSection(ExtensibilityGlobals) = postSolution
		SolutionGuid = {47FEC97B-DF82-4572-8242-79AF34F1CEAE}
	EndGlobalSection
EndGlobal
